<?xml version="1.0" encoding="utf-8"?>
<Project ToolsVersion="17.0" xmlns="http://schemas.microsoft.com/developer/msbuild/2003">
  <ItemGroup>
    <ClCompile Include="D:\BlueMarble\TestZone\openMVS-bmg\libs\MVS\make\CMakeFiles\MVS.dir\cmake_pch.cxx">
      <Filter>Source Files</Filter>
    </ClCompile>
    <ClCompile Include="D:\BlueMarble\TestZone\openMVS-bmg\libs\MVS\Camera.cpp">
      <Filter>Source Files</Filter>
    </ClCompile>
    <ClCompile Include="D:\BlueMarble\TestZone\openMVS-bmg\libs\MVS\Common.cpp">
      <Filter>Source Files</Filter>
    </ClCompile>
    <ClCompile Include="D:\BlueMarble\TestZone\openMVS-bmg\libs\MVS\DepthMap.cpp">
      <Filter>Source Files</Filter>
    </ClCompile>
    <ClCompile Include="D:\BlueMarble\TestZone\openMVS-bmg\libs\MVS\Image.cpp">
      <Filter>Source Files</Filter>
    </ClCompile>
    <ClCompile Include="D:\BlueMarble\TestZone\openMVS-bmg\libs\MVS\Mesh.cpp">
      <Filter>Source Files</Filter>
    </ClCompile>
    <ClCompile Include="D:\BlueMarble\TestZone\openMVS-bmg\libs\MVS\PatchMatchCUDA.cpp">
      <Filter>Source Files</Filter>
    </ClCompile>
    <ClCompile Include="D:\BlueMarble\TestZone\openMVS-bmg\libs\MVS\Platform.cpp">
      <Filter>Source Files</Filter>
    </ClCompile>
    <ClCompile Include="D:\BlueMarble\TestZone\openMVS-bmg\libs\MVS\PointCloud.cpp">
      <Filter>Source Files</Filter>
    </ClCompile>
    <ClCompile Include="D:\BlueMarble\TestZone\openMVS-bmg\libs\MVS\RectsBinPack.cpp">
      <Filter>Source Files</Filter>
    </ClCompile>
    <ClCompile Include="D:\BlueMarble\TestZone\openMVS-bmg\libs\MVS\Scene.cpp">
      <Filter>Source Files</Filter>
    </ClCompile>
    <ClCompile Include="D:\BlueMarble\TestZone\openMVS-bmg\libs\MVS\SceneDensify.cpp">
      <Filter>Source Files</Filter>
    </ClCompile>
    <ClCompile Include="D:\BlueMarble\TestZone\openMVS-bmg\libs\MVS\SceneReconstruct.cpp">
      <Filter>Source Files</Filter>
    </ClCompile>
    <ClCompile Include="D:\BlueMarble\TestZone\openMVS-bmg\libs\MVS\SceneRefine.cpp">
      <Filter>Source Files</Filter>
    </ClCompile>
    <ClCompile Include="D:\BlueMarble\TestZone\openMVS-bmg\libs\MVS\SceneRefineCUDA.cpp">
      <Filter>Source Files</Filter>
    </ClCompile>
    <ClCompile Include="D:\BlueMarble\TestZone\openMVS-bmg\libs\MVS\SceneTexture.cpp">
      <Filter>Source Files</Filter>
    </ClCompile>
    <ClCompile Include="D:\BlueMarble\TestZone\openMVS-bmg\libs\MVS\SemiGlobalMatcher.cpp">
      <Filter>Source Files</Filter>
    </ClCompile>
  </ItemGroup>
  <ItemGroup>
    <ClInclude Include="D:\BlueMarble\TestZone\openMVS-bmg\libs\MVS\Camera.h">
      <Filter>Header Files</Filter>
    </ClInclude>
    <ClInclude Include="D:\BlueMarble\TestZone\openMVS-bmg\libs\MVS\Common.h">
      <Filter>Header Files</Filter>
    </ClInclude>
    <ClInclude Include="D:\BlueMarble\TestZone\openMVS-bmg\libs\MVS\DepthMap.h">
      <Filter>Header Files</Filter>
    </ClInclude>
    <ClInclude Include="D:\BlueMarble\TestZone\openMVS-bmg\libs\MVS\Image.h">
      <Filter>Header Files</Filter>
    </ClInclude>
    <ClInclude Include="D:\BlueMarble\TestZone\openMVS-bmg\libs\MVS\Interface.h">
      <Filter>Header Files</Filter>
    </ClInclude>
    <ClInclude Include="D:\BlueMarble\TestZone\openMVS-bmg\libs\MVS\Mesh.h">
      <Filter>Header Files</Filter>
    </ClInclude>
    <ClInclude Include="D:\BlueMarble\TestZone\openMVS-bmg\libs\MVS\PatchMatchCUDA.h">
      <Filter>Header Files</Filter>
    </ClInclude>
    <ClInclude Include="D:\BlueMarble\TestZone\openMVS-bmg\libs\MVS\PatchMatchCUDA.inl">
      <Filter>Header Files</Filter>
    </ClInclude>
    <ClInclude Include="D:\BlueMarble\TestZone\openMVS-bmg\libs\MVS\Platform.h">
      <Filter>Header Files</Filter>
    </ClInclude>
    <ClInclude Include="D:\BlueMarble\TestZone\openMVS-bmg\libs\MVS\PointCloud.h">
      <Filter>Header Files</Filter>
    </ClInclude>
    <ClInclude Include="D:\BlueMarble\TestZone\openMVS-bmg\libs\MVS\RectsBinPack.h">
      <Filter>Header Files</Filter>
    </ClInclude>
    <ClInclude Include="D:\BlueMarble\TestZone\openMVS-bmg\libs\MVS\Scene.h">
      <Filter>Header Files</Filter>
    </ClInclude>
    <ClInclude Include="D:\BlueMarble\TestZone\openMVS-bmg\libs\MVS\SceneDensify.h">
      <Filter>Header Files</Filter>
    </ClInclude>
    <ClInclude Include="D:\BlueMarble\TestZone\openMVS-bmg\libs\MVS\SemiGlobalMatcher.h">
      <Filter>Header Files</Filter>
    </ClInclude>
    <ClInclude Include="D:\BlueMarble\TestZone\openMVS-bmg\libs\MVS\make\CMakeFiles\MVS.dir\Debug\cmake_pch.hxx">
      <Filter>Precompile Header File</Filter>
    </ClInclude>
    <ClInclude Include="D:\BlueMarble\TestZone\openMVS-bmg\libs\MVS\make\CMakeFiles\MVS.dir\Release\cmake_pch.hxx">
      <Filter>Precompile Header File</Filter>
    </ClInclude>
    <ClInclude Include="D:\BlueMarble\TestZone\openMVS-bmg\libs\MVS\make\CMakeFiles\MVS.dir\MinSizeRel\cmake_pch.hxx">
      <Filter>Precompile Header File</Filter>
    </ClInclude>
    <ClInclude Include="D:\BlueMarble\TestZone\openMVS-bmg\libs\MVS\make\CMakeFiles\MVS.dir\RelWithDebInfo\cmake_pch.hxx">
      <Filter>Precompile Header File</Filter>
    </ClInclude>
  </ItemGroup>
  <ItemGroup>
    <CustomBuild Include="D:\BlueMarble\TestZone\openMVS-bmg\libs\MVS\CMakeLists.txt" />
  </ItemGroup>
  <ItemGroup>
    <Filter Include="Header Files">
      <UniqueIdentifier>{116E76C0-80A9-322D-AE6A-3D279C5457E0}</UniqueIdentifier>
    </Filter>
    <Filter Include="Precompile Header File">
      <UniqueIdentifier>{3AEFA789-38A4-36EA-BA88-322EE9F82065}</UniqueIdentifier>
    </Filter>
    <Filter Include="Source Files">
      <UniqueIdentifier>{2F2E53D3-B2B6-39C4-A1C0-3DD751D2F851}</UniqueIdentifier>
    </Filter>
  </ItemGroup>
</Project>
